// !$*UTF8*$!
{
	archiveVersion = 1;
	classes = {
	};
	objectVersion = 50;
	objects = {

/* Begin PBXBuildFile section */
		2615714B24347C2200A1C6C6 /* AppDelegate.m in Sources */ = {isa = PBXBuildFile; fileRef = 2615714A24347C2200A1C6C6 /* AppDelegate.m */; };
		2615714E24347C2200A1C6C6 /* SceneDelegate.m in Sources */ = {isa = PBXBuildFile; fileRef = 2615714D24347C2200A1C6C6 /* SceneDelegate.m */; };
		2615715124347C2200A1C6C6 /* ViewController.m in Sources */ = {isa = PBXBuildFile; fileRef = 2615715024347C2200A1C6C6 /* ViewController.m */; };
		2615715424347C2200A1C6C6 /* Main.storyboard in Resources */ = {isa = PBXBuildFile; fileRef = 2615715224347C2200A1C6C6 /* Main.storyboard */; };
		2615715624347C2700A1C6C6 /* Assets.xcassets in Resources */ = {isa = PBXBuildFile; fileRef = 2615715524347C2700A1C6C6 /* Assets.xcassets */; };
		2615715924347C2700A1C6C6 /* LaunchScreen.storyboard in Resources */ = {isa = PBXBuildFile; fileRef = 2615715724347C2700A1C6C6 /* LaunchScreen.storyboard */; };
		2615715C24347C2700A1C6C6 /* main.m in Sources */ = {isa = PBXBuildFile; fileRef = 2615715B24347C2700A1C6C6 /* main.m */; };
		2615716624347C2800A1C6C6 /* oneOCTests.m in Sources */ = {isa = PBXBuildFile; fileRef = 2615716524347C2800A1C6C6 /* oneOCTests.m */; };
		2615717124347C2800A1C6C6 /* oneOCUITests.m in Sources */ = {isa = PBXBuildFile; fileRef = 2615717024347C2800A1C6C6 /* oneOCUITests.m */; };
		2615718124347C5800A1C6C6 /* GCDAsyncSocket.m in Sources */ = {isa = PBXBuildFile; fileRef = 2615717F24347C5800A1C6C6 /* GCDAsyncSocket.m */; };
		2615718524348CF300A1C6C6 /* HostViewController.m in Sources */ = {isa = PBXBuildFile; fileRef = 2615718424348CF300A1C6C6 /* HostViewController.m */; };
		2615718B243493C200A1C6C6 /* JoinListController.m in Sources */ = {isa = PBXBuildFile; fileRef = 2615718A243493C200A1C6C6 /* JoinListController.m */; };
		267CE99A243A412900AE5B5D /* GameManager.m in Sources */ = {isa = PBXBuildFile; fileRef = 267CE999243A412900AE5B5D /* GameManager.m */; };
		2689418A243B0C3B00EAE582 /* BoardCell.m in Sources */ = {isa = PBXBuildFile; fileRef = 26894189243B0C3B00EAE582 /* BoardCell.m */; };
		26E62BF42436D9FE0042CC1F /* PacketH.m in Sources */ = {isa = PBXBuildFile; fileRef = 26E62BF32436D9FE0042CC1F /* PacketH.m */; };
		26F6C4B0245A70DC00D95963 /* AsyncSocket.m in Sources */ = {isa = PBXBuildFile; fileRef = 26F6C4AF245A70DC00D95963 /* AsyncSocket.m */; };
		26F6C4B3245A712E00D95963 /* SocketManager.m in Sources */ = {isa = PBXBuildFile; fileRef = 26F6C4B2245A712E00D95963 /* SocketManager.m */; };
/* End PBXBuildFile section */

/* Begin PBXContainerItemProxy section */
		2615716224347C2800A1C6C6 /* PBXContainerItemProxy */ = {
			isa = PBXContainerItemProxy;
			containerPortal = 2615713E24347C2200A1C6C6 /* Project object */;
			proxyType = 1;
			remoteGlobalIDString = 2615714524347C2200A1C6C6;
			remoteInfo = oneOC;
		};
		2615716D24347C2800A1C6C6 /* PBXContainerItemProxy */ = {
			isa = PBXContainerItemProxy;
			containerPortal = 2615713E24347C2200A1C6C6 /* Project object */;
			proxyType = 1;
			remoteGlobalIDString = 2615714524347C2200A1C6C6;
			remoteInfo = oneOC;
		};
/* End PBXContainerItemProxy section */

/* Begin PBXFileReference section */
		2615714624347C2200A1C6C6 /* oneOC.app */ = {isa = PBXFileReference; explicitFileType = wrapper.application; includeInIndex = 0; path = oneOC.app; sourceTree = BUILT_PRODUCTS_DIR; };
		2615714924347C2200A1C6C6 /* AppDelegate.h */ = {isa = PBXFileReference; lastKnownFileType = sourcecode.c.h; path = AppDelegate.h; sourceTree = "<group>"; };
		2615714A24347C2200A1C6C6 /* AppDelegate.m */ = {isa = PBXFileReference; lastKnownFileType = sourcecode.c.objc; path = AppDelegate.m; sourceTree = "<group>"; };
		2615714C24347C2200A1C6C6 /* SceneDelegate.h */ = {isa = PBXFileReference; lastKnownFileType = sourcecode.c.h; path = SceneDelegate.h; sourceTree = "<group>"; };
		2615714D24347C2200A1C6C6 /* SceneDelegate.m */ = {isa = PBXFileReference; lastKnownFileType = sourcecode.c.objc; path = SceneDelegate.m; sourceTree = "<group>"; };
		2615714F24347C2200A1C6C6 /* ViewController.h */ = {isa = PBXFileReference; lastKnownFileType = sourcecode.c.h; path = ViewController.h; sourceTree = "<group>"; };
		2615715024347C2200A1C6C6 /* ViewController.m */ = {isa = PBXFileReference; lastKnownFileType = sourcecode.c.objc; path = ViewController.m; sourceTree = "<group>"; };
		2615715324347C2200A1C6C6 /* Base */ = {isa = PBXFileReference; lastKnownFileType = file.storyboard; name = Base; path = Base.lproj/Main.storyboard; sourceTree = "<group>"; };
		2615715524347C2700A1C6C6 /* Assets.xcassets */ = {isa = PBXFileReference; lastKnownFileType = folder.assetcatalog; path = Assets.xcassets; sourceTree = "<group>"; };
		2615715824347C2700A1C6C6 /* Base */ = {isa = PBXFileReference; lastKnownFileType = file.storyboard; name = Base; path = Base.lproj/LaunchScreen.storyboard; sourceTree = "<group>"; };
		2615715A24347C2700A1C6C6 /* Info.plist */ = {isa = PBXFileReference; lastKnownFileType = text.plist.xml; path = Info.plist; sourceTree = "<group>"; };
		2615715B24347C2700A1C6C6 /* main.m */ = {isa = PBXFileReference; lastKnownFileType = sourcecode.c.objc; path = main.m; sourceTree = "<group>"; };
		2615716124347C2800A1C6C6 /* oneOCTests.xctest */ = {isa = PBXFileReference; explicitFileType = wrapper.cfbundle; includeInIndex = 0; path = oneOCTests.xctest; sourceTree = BUILT_PRODUCTS_DIR; };
		2615716524347C2800A1C6C6 /* oneOCTests.m */ = {isa = PBXFileReference; lastKnownFileType = sourcecode.c.objc; path = oneOCTests.m; sourceTree = "<group>"; };
		2615716724347C2800A1C6C6 /* Info.plist */ = {isa = PBXFileReference; lastKnownFileType = text.plist.xml; path = Info.plist; sourceTree = "<group>"; };
		2615716C24347C2800A1C6C6 /* oneOCUITests.xctest */ = {isa = PBXFileReference; explicitFileType = wrapper.cfbundle; includeInIndex = 0; path = oneOCUITests.xctest; sourceTree = BUILT_PRODUCTS_DIR; };
		2615717024347C2800A1C6C6 /* oneOCUITests.m */ = {isa = PBXFileReference; lastKnownFileType = sourcecode.c.objc; path = oneOCUITests.m; sourceTree = "<group>"; };
		2615717224347C2800A1C6C6 /* Info.plist */ = {isa = PBXFileReference; lastKnownFileType = text.plist.xml; path = Info.plist; sourceTree = "<group>"; };
		2615717F24347C5800A1C6C6 /* GCDAsyncSocket.m */ = {isa = PBXFileReference; fileEncoding = 4; lastKnownFileType = sourcecode.c.objc; path = GCDAsyncSocket.m; sourceTree = "<group>"; };
		2615718024347C5800A1C6C6 /* GCDAsyncSocket.h */ = {isa = PBXFileReference; fileEncoding = 4; lastKnownFileType = sourcecode.c.h; path = GCDAsyncSocket.h; sourceTree = "<group>"; };
		2615718324348CF300A1C6C6 /* HostViewController.h */ = {isa = PBXFileReference; lastKnownFileType = sourcecode.c.h; path = HostViewController.h; sourceTree = "<group>"; };
		2615718424348CF300A1C6C6 /* HostViewController.m */ = {isa = PBXFileReference; lastKnownFileType = sourcecode.c.objc; path = HostViewController.m; sourceTree = "<group>"; };
		26157189243493C200A1C6C6 /* JoinListController.h */ = {isa = PBXFileReference; lastKnownFileType = sourcecode.c.h; path = JoinListController.h; sourceTree = "<group>"; };
		2615718A243493C200A1C6C6 /* JoinListController.m */ = {isa = PBXFileReference; lastKnownFileType = sourcecode.c.objc; path = JoinListController.m; sourceTree = "<group>"; };
		267CE998243A412900AE5B5D /* GameManager.h */ = {isa = PBXFileReference; lastKnownFileType = sourcecode.c.h; path = GameManager.h; sourceTree = "<group>"; };
		267CE999243A412900AE5B5D /* GameManager.m */ = {isa = PBXFileReference; lastKnownFileType = sourcecode.c.objc; path = GameManager.m; sourceTree = "<group>"; };
		26894188243B0C3B00EAE582 /* BoardCell.h */ = {isa = PBXFileReference; lastKnownFileType = sourcecode.c.h; path = BoardCell.h; sourceTree = "<group>"; };
		26894189243B0C3B00EAE582 /* BoardCell.m */ = {isa = PBXFileReference; lastKnownFileType = sourcecode.c.objc; path = BoardCell.m; sourceTree = "<group>"; };
		2689418B243B150C00EAE582 /* Constants.h */ = {isa = PBXFileReference; lastKnownFileType = sourcecode.c.h; path = Constants.h; sourceTree = "<group>"; };
		26E62BF22436D9FE0042CC1F /* PacketH.h */ = {isa = PBXFileReference; lastKnownFileType = sourcecode.c.h; path = PacketH.h; sourceTree = "<group>"; };
		26E62BF32436D9FE0042CC1F /* PacketH.m */ = {isa = PBXFileReference; lastKnownFileType = sourcecode.c.objc; path = PacketH.m; sourceTree = "<group>"; };
		26F6C4AE245A70DC00D95963 /* AsyncSocket.h */ = {isa = PBXFileReference; fileEncoding = 4; lastKnownFileType = sourcecode.c.h; path = AsyncSocket.h; sourceTree = "<group>"; };
		26F6C4AF245A70DC00D95963 /* AsyncSocket.m */ = {isa = PBXFileReference; fileEncoding = 4; lastKnownFileType = sourcecode.c.objc; path = AsyncSocket.m; sourceTree = "<group>"; };
		26F6C4B1245A712E00D95963 /* SocketManager.h */ = {isa = PBXFileReference; fileEncoding = 4; lastKnownFileType = sourcecode.c.h; path = SocketManager.h; sourceTree = "<group>"; };
		26F6C4B2245A712E00D95963 /* SocketManager.m */ = {isa = PBXFileReference; fileEncoding = 4; lastKnownFileType = sourcecode.c.objc; path = SocketManager.m; sourceTree = "<group>"; };
/* End PBXFileReference section */

/* Begin PBXFrameworksBuildPhase section */
		2615714324347C2200A1C6C6 /* Frameworks */ = {
			isa = PBXFrameworksBuildPhase;
			buildActionMask = 2147483647;
			files = (
			);
			runOnlyForDeploymentPostprocessing = 0;
		};
		2615715E24347C2800A1C6C6 /* Frameworks */ = {
			isa = PBXFrameworksBuildPhase;
			buildActionMask = 2147483647;
			files = (
			);
			runOnlyForDeploymentPostprocessing = 0;
		};
		2615716924347C2800A1C6C6 /* Frameworks */ = {
			isa = PBXFrameworksBuildPhase;
			buildActionMask = 2147483647;
			files = (
			);
			runOnlyForDeploymentPostprocessing = 0;
		};
/* End PBXFrameworksBuildPhase section */

/* Begin PBXGroup section */
		2615713D24347C2200A1C6C6 = {
			isa = PBXGroup;
			children = (
				2615714824347C2200A1C6C6 /* oneOC */,
				2615716424347C2800A1C6C6 /* oneOCTests */,
				2615716F24347C2800A1C6C6 /* oneOCUITests */,
				2615714724347C2200A1C6C6 /* Products */,
			);
			sourceTree = "<group>";
		};
		2615714724347C2200A1C6C6 /* Products */ = {
			isa = PBXGroup;
			children = (
				2615714624347C2200A1C6C6 /* oneOC.app */,
				2615716124347C2800A1C6C6 /* oneOCTests.xctest */,
				2615716C24347C2800A1C6C6 /* oneOCUITests.xctest */,
			);
			name = Products;
			sourceTree = "<group>";
		};
		2615714824347C2200A1C6C6 /* oneOC */ = {
			isa = PBXGroup;
			children = (
				2615714924347C2200A1C6C6 /* AppDelegate.h */,
				2615714A24347C2200A1C6C6 /* AppDelegate.m */,
				2615715524347C2700A1C6C6 /* Assets.xcassets */,
				2615718224348CDA00A1C6C6 /* Ctrls */,
				2615715A24347C2700A1C6C6 /* Info.plist */,
				2615715724347C2700A1C6C6 /* LaunchScreen.storyboard */,
				2615715B24347C2700A1C6C6 /* main.m */,
				2615715224347C2200A1C6C6 /* Main.storyboard */,
				267CE997243A411500AE5B5D /* manager */,
				26E62BF12436D9EF0042CC1F /* Model */,
				2615714C24347C2200A1C6C6 /* SceneDelegate.h */,
				2615714D24347C2200A1C6C6 /* SceneDelegate.m */,
				2615717E24347C5800A1C6C6 /* TCP */,
				26894187243B0C1600EAE582 /* View */,
				2615714F24347C2200A1C6C6 /* ViewController.h */,
				2615715024347C2200A1C6C6 /* ViewController.m */,
			);
			path = oneOC;
			sourceTree = "<group>";
		};
		2615716424347C2800A1C6C6 /* oneOCTests */ = {
			isa = PBXGroup;
			children = (
				2615716524347C2800A1C6C6 /* oneOCTests.m */,
				2615716724347C2800A1C6C6 /* Info.plist */,
			);
			path = oneOCTests;
			sourceTree = "<group>";
		};
		2615716F24347C2800A1C6C6 /* oneOCUITests */ = {
			isa = PBXGroup;
			children = (
				2615717024347C2800A1C6C6 /* oneOCUITests.m */,
				2615717224347C2800A1C6C6 /* Info.plist */,
			);
			path = oneOCUITests;
			sourceTree = "<group>";
		};
		2615717E24347C5800A1C6C6 /* TCP */ = {
			isa = PBXGroup;
			children = (
				26F6C4AE245A70DC00D95963 /* AsyncSocket.h */,
				26F6C4AF245A70DC00D95963 /* AsyncSocket.m */,
				2615718024347C5800A1C6C6 /* GCDAsyncSocket.h */,
				2615717F24347C5800A1C6C6 /* GCDAsyncSocket.m */,
			);
			path = TCP;
			sourceTree = "<group>";
		};
		2615718224348CDA00A1C6C6 /* Ctrls */ = {
			isa = PBXGroup;
			children = (
				2615718324348CF300A1C6C6 /* HostViewController.h */,
				2615718424348CF300A1C6C6 /* HostViewController.m */,
				26157189243493C200A1C6C6 /* JoinListController.h */,
				2615718A243493C200A1C6C6 /* JoinListController.m */,
			);
			path = Ctrls;
			sourceTree = "<group>";
		};
		267CE997243A411500AE5B5D /* manager */ = {
			isa = PBXGroup;
			children = (
				26F6C4B1245A712E00D95963 /* SocketManager.h */,
				26F6C4B2245A712E00D95963 /* SocketManager.m */,
				267CE998243A412900AE5B5D /* GameManager.h */,
				267CE999243A412900AE5B5D /* GameManager.m */,
			);
			path = manager;
			sourceTree = "<group>";
		};
		26894187243B0C1600EAE582 /* View */ = {
			isa = PBXGroup;
			children = (
				26894188243B0C3B00EAE582 /* BoardCell.h */,
				26894189243B0C3B00EAE582 /* BoardCell.m */,
			);
			path = View;
			sourceTree = "<group>";
		};
		26E62BF12436D9EF0042CC1F /* Model */ = {
			isa = PBXGroup;
			children = (
				26E62BF22436D9FE0042CC1F /* PacketH.h */,
				26E62BF32436D9FE0042CC1F /* PacketH.m */,
				2689418B243B150C00EAE582 /* Constants.h */,
			);
			path = Model;
			sourceTree = "<group>";
		};
/* End PBXGroup section */

/* Begin PBXNativeTarget section */
		2615714524347C2200A1C6C6 /* oneOC */ = {
			isa = PBXNativeTarget;
			buildConfigurationList = 2615717524347C2800A1C6C6 /* Build configuration list for PBXNativeTarget "oneOC" */;
			buildPhases = (
				2615714224347C2200A1C6C6 /* Sources */,
				2615714324347C2200A1C6C6 /* Frameworks */,
				2615714424347C2200A1C6C6 /* Resources */,
			);
			buildRules = (
			);
			dependencies = (
			);
			name = oneOC;
			productName = oneOC;
			productReference = 2615714624347C2200A1C6C6 /* oneOC.app */;
			productType = "com.apple.product-type.application";
		};
		2615716024347C2800A1C6C6 /* oneOCTests */ = {
			isa = PBXNativeTarget;
			buildConfigurationList = 2615717824347C2800A1C6C6 /* Build configuration list for PBXNativeTarget "oneOCTests" */;
			buildPhases = (
				2615715D24347C2800A1C6C6 /* Sources */,
				2615715E24347C2800A1C6C6 /* Frameworks */,
				2615715F24347C2800A1C6C6 /* Resources */,
			);
			buildRules = (
			);
			dependencies = (
				2615716324347C2800A1C6C6 /* PBXTargetDependency */,
			);
			name = oneOCTests;
			productName = oneOCTests;
			productReference = 2615716124347C2800A1C6C6 /* oneOCTests.xctest */;
			productType = "com.apple.product-type.bundle.unit-test";
		};
		2615716B24347C2800A1C6C6 /* oneOCUITests */ = {
			isa = PBXNativeTarget;
			buildConfigurationList = 2615717B24347C2800A1C6C6 /* Build configuration list for PBXNativeTarget "oneOCUITests" */;
			buildPhases = (
				2615716824347C2800A1C6C6 /* Sources */,
				2615716924347C2800A1C6C6 /* Frameworks */,
				2615716A24347C2800A1C6C6 /* Resources */,
			);
			buildRules = (
			);
			dependencies = (
				2615716E24347C2800A1C6C6 /* PBXTargetDependency */,
			);
			name = oneOCUITests;
			productName = oneOCUITests;
			productReference = 2615716C24347C2800A1C6C6 /* oneOCUITests.xctest */;
			productType = "com.apple.product-type.bundle.ui-testing";
		};
/* End PBXNativeTarget section */

/* Begin PBXProject section */
		2615713E24347C2200A1C6C6 /* Project object */ = {
			isa = PBXProject;
			attributes = {
				LastUpgradeCheck = 1140;
				ORGANIZATIONNAME = "Jz D";
				TargetAttributes = {
					2615714524347C2200A1C6C6 = {
						CreatedOnToolsVersion = 11.4;
					};
					2615716024347C2800A1C6C6 = {
						CreatedOnToolsVersion = 11.4;
						TestTargetID = 2615714524347C2200A1C6C6;
					};
					2615716B24347C2800A1C6C6 = {
						CreatedOnToolsVersion = 11.4;
						TestTargetID = 2615714524347C2200A1C6C6;
					};
				};
			};
			buildConfigurationList = 2615714124347C2200A1C6C6 /* Build configuration list for PBXProject "oneOC" */;
			compatibilityVersion = "Xcode 9.3";
			developmentRegion = en;
			hasScannedForEncodings = 0;
			knownRegions = (
				en,
				Base,
			);
			mainGroup = 2615713D24347C2200A1C6C6;
			productRefGroup = 2615714724347C2200A1C6C6 /* Products */;
			projectDirPath = "";
			projectRoot = "";
			targets = (
				2615714524347C2200A1C6C6 /* oneOC */,
				2615716024347C2800A1C6C6 /* oneOCTests */,
				2615716B24347C2800A1C6C6 /* oneOCUITests */,
			);
		};
/* End PBXProject section */

/* Begin PBXResourcesBuildPhase section */
		2615714424347C2200A1C6C6 /* Resources */ = {
			isa = PBXResourcesBuildPhase;
			buildActionMask = 2147483647;
			files = (
				2615715924347C2700A1C6C6 /* LaunchScreen.storyboard in Resources */,
				2615715624347C2700A1C6C6 /* Assets.xcassets in Resources */,
				2615715424347C2200A1C6C6 /* Main.storyboard in Resources */,
			);
			runOnlyForDeploymentPostprocessing = 0;
		};
		2615715F24347C2800A1C6C6 /* Resources */ = {
			isa = PBXResourcesBuildPhase;
			buildActionMask = 2147483647;
			files = (
			);
			runOnlyForDeploymentPostprocessing = 0;
		};
		2615716A24347C2800A1C6C6 /* Resources */ = {
			isa = PBXResourcesBuildPhase;
			buildActionMask = 2147483647;
			files = (
			);
			runOnlyForDeploymentPostprocessing = 0;
		};
/* End PBXResourcesBuildPhase section */

/* Begin PBXSourcesBuildPhase section */
		2615714224347C2200A1C6C6 /* Sources */ = {
			isa = PBXSourcesBuildPhase;
			buildActionMask = 2147483647;
			files = (
				2615718524348CF300A1C6C6 /* HostViewController.m in Sources */,
				2615715124347C2200A1C6C6 /* ViewController.m in Sources */,
				2615718124347C5800A1C6C6 /* GCDAsyncSocket.m in Sources */,
				2615714B24347C2200A1C6C6 /* AppDelegate.m in Sources */,
				2689418A243B0C3B00EAE582 /* BoardCell.m in Sources */,
				267CE99A243A412900AE5B5D /* GameManager.m in Sources */,
				26E62BF42436D9FE0042CC1F /* PacketH.m in Sources */,
				26F6C4B0245A70DC00D95963 /* AsyncSocket.m in Sources */,
				2615715C24347C2700A1C6C6 /* main.m in Sources */,
				2615714E24347C2200A1C6C6 /* SceneDelegate.m in Sources */,
				26F6C4B3245A712E00D95963 /* SocketManager.m in Sources */,
				2615718B243493C200A1C6C6 /* JoinListController.m in Sources */,
			);
			runOnlyForDeploymentPostprocessing = 0;
		};
		2615715D24347C2800A1C6C6 /* Sources */ = {
			isa = PBXSourcesBuildPhase;
			buildActionMask = 2147483647;
			files = (
				2615716624347C2800A1C6C6 /* oneOCTests.m in Sources */,
			);
			runOnlyForDeploymentPostprocessing = 0;
		};
		2615716824347C2800A1C6C6 /* Sources */ = {
			isa = PBXSourcesBuildPhase;
			buildActionMask = 2147483647;
			files = (
				2615717124347C2800A1C6C6 /* oneOCUITests.m in Sources */,
			);
			runOnlyForDeploymentPostprocessing = 0;
		};
/* End PBXSourcesBuildPhase section */

/* Begin PBXTargetDependency section */
		2615716324347C2800A1C6C6 /* PBXTargetDependency */ = {
			isa = PBXTargetDependency;
			target = 2615714524347C2200A1C6C6 /* oneOC */;
			targetProxy = 2615716224347C2800A1C6C6 /* PBXContainerItemProxy */;
		};
		2615716E24347C2800A1C6C6 /* PBXTargetDependency */ = {
			isa = PBXTargetDependency;
			target = 2615714524347C2200A1C6C6 /* oneOC */;
			targetProxy = 2615716D24347C2800A1C6C6 /* PBXContainerItemProxy */;
		};
/* End PBXTargetDependency section */

/* Begin PBXVariantGroup section */
		2615715224347C2200A1C6C6 /* Main.storyboard */ = {
			isa = PBXVariantGroup;
			children = (
				2615715324347C2200A1C6C6 /* Base */,
			);
			name = Main.storyboard;
			sourceTree = "<group>";
		};
		2615715724347C2700A1C6C6 /* LaunchScreen.storyboard */ = {
			isa = PBXVariantGroup;
			children = (
				2615715824347C2700A1C6C6 /* Base */,
			);
			name = LaunchScreen.storyboard;
			sourceTree = "<group>";
		};
/* End PBXVariantGroup section */

/* Begin XCBuildConfiguration section */
		2615717324347C2800A1C6C6 /* Debug */ = {
			isa = XCBuildConfiguration;
			buildSettings = {
				ALWAYS_SEARCH_USER_PATHS = NO;
				CLANG_ANALYZER_NONNULL = YES;
				CLANG_ANALYZER_NUMBER_OBJECT_CONVERSION = YES_AGGRESSIVE;
				CLANG_CXX_LANGUAGE_STANDARD = "gnu++14";
				CLANG_CXX_LIBRARY = "libc++";
				CLANG_ENABLE_MODULES = YES;
				CLANG_ENABLE_OBJC_ARC = YES;
				CLANG_ENABLE_OBJC_WEAK = YES;
				CLANG_WARN_BLOCK_CAPTURE_AUTORELEASING = YES;
				CLANG_WARN_BOOL_CONVERSION = YES;
				CLANG_WARN_COMMA = YES;
				CLANG_WARN_CONSTANT_CONVERSION = YES;
				CLANG_WARN_DEPRECATED_OBJC_IMPLEMENTATIONS = YES;
				CLANG_WARN_DIRECT_OBJC_ISA_USAGE = YES_ERROR;
				CLANG_WARN_DOCUMENTATION_COMMENTS = YES;
				CLANG_WARN_EMPTY_BODY = YES;
				CLANG_WARN_ENUM_CONVERSION = YES;
				CLANG_WARN_INFINITE_RECURSION = YES;
				CLANG_WARN_INT_CONVERSION = YES;
				CLANG_WARN_NON_LITERAL_NULL_CONVERSION = YES;
				CLANG_WARN_OBJC_IMPLICIT_RETAIN_SELF = YES;
				CLANG_WARN_OBJC_LITERAL_CONVERSION = YES;
				CLANG_WARN_OBJC_ROOT_CLASS = YES_ERROR;
				CLANG_WARN_RANGE_LOOP_ANALYSIS = YES;
				CLANG_WARN_STRICT_PROTOTYPES = YES;
				CLANG_WARN_SUSPICIOUS_MOVE = YES;
				CLANG_WARN_UNGUARDED_AVAILABILITY = YES_AGGRESSIVE;
				CLANG_WARN_UNREACHABLE_CODE = YES;
				CLANG_WARN__DUPLICATE_METHOD_MATCH = YES;
				COPY_PHASE_STRIP = NO;
				DEBUG_INFORMATION_FORMAT = dwarf;
				ENABLE_STRICT_OBJC_MSGSEND = YES;
				ENABLE_TESTABILITY = YES;
				GCC_C_LANGUAGE_STANDARD = gnu11;
				GCC_DYNAMIC_NO_PIC = NO;
				GCC_NO_COMMON_BLOCKS = YES;
				GCC_OPTIMIZATION_LEVEL = 0;
				GCC_PREPROCESSOR_DEFINITIONS = (
					"DEBUG=1",
					"$(inherited)",
				);
				GCC_WARN_64_TO_32_BIT_CONVERSION = YES;
				GCC_WARN_ABOUT_RETURN_TYPE = YES_ERROR;
				GCC_WARN_UNDECLARED_SELECTOR = YES;
				GCC_WARN_UNINITIALIZED_AUTOS = YES_AGGRESSIVE;
				GCC_WARN_UNUSED_FUNCTION = YES;
				GCC_WARN_UNUSED_VARIABLE = YES;
				IPHONEOS_DEPLOYMENT_TARGET = 13.4;
				MTL_ENABLE_DEBUG_INFO = INCLUDE_SOURCE;
				MTL_FAST_MATH = YES;
				ONLY_ACTIVE_ARCH = YES;
				SDKROOT = iphoneos;
			};
			name = Debug;
		};
		2615717424347C2800A1C6C6 /* Release */ = {
			isa = XCBuildConfiguration;
			buildSettings = {
				ALWAYS_SEARCH_USER_PATHS = NO;
				CLANG_ANALYZER_NONNULL = YES;
				CLANG_ANALYZER_NUMBER_OBJECT_CONVERSION = YES_AGGRESSIVE;
				CLANG_CXX_LANGUAGE_STANDARD = "gnu++14";
				CLANG_CXX_LIBRARY = "libc++";
				CLANG_ENABLE_MODULES = YES;
				CLANG_ENABLE_OBJC_ARC = YES;
				CLANG_ENABLE_OBJC_WEAK = YES;
				CLANG_WARN_BLOCK_CAPTURE_AUTORELEASING = YES;
				CLANG_WARN_BOOL_CONVERSION = YES;
				CLANG_WARN_COMMA = YES;
				CLANG_WARN_CONSTANT_CONVERSION = YES;
				CLANG_WARN_DEPRECATED_OBJC_IMPLEMENTATIONS = YES;
				CLANG_WARN_DIRECT_OBJC_ISA_USAGE = YES_ERROR;
				CLANG_WARN_DOCUMENTATION_COMMENTS = YES;
				CLANG_WARN_EMPTY_BODY = YES;
				CLANG_WARN_ENUM_CONVERSION = YES;
				CLANG_WARN_INFINITE_RECURSION = YES;
				CLANG_WARN_INT_CONVERSION = YES;
				CLANG_WARN_NON_LITERAL_NULL_CONVERSION = YES;
				CLANG_WARN_OBJC_IMPLICIT_RETAIN_SELF = YES;
				CLANG_WARN_OBJC_LITERAL_CONVERSION = YES;
				CLANG_WARN_OBJC_ROOT_CLASS = YES_ERROR;
				CLANG_WARN_RANGE_LOOP_ANALYSIS = YES;
				CLANG_WARN_STRICT_PROTOTYPES = YES;
				CLANG_WARN_SUSPICIOUS_MOVE = YES;
				CLANG_WARN_UNGUARDED_AVAILABILITY = YES_AGGRESSIVE;
				CLANG_WARN_UNREACHABLE_CODE = YES;
				CLANG_WARN__DUPLICATE_METHOD_MATCH = YES;
				COPY_PHASE_STRIP = NO;
				DEBUG_INFORMATION_FORMAT = "dwarf-with-dsym";
				ENABLE_NS_ASSERTIONS = NO;
				ENABLE_STRICT_OBJC_MSGSEND = YES;
				GCC_C_LANGUAGE_STANDARD = gnu11;
				GCC_NO_COMMON_BLOCKS = YES;
				GCC_WARN_64_TO_32_BIT_CONVERSION = YES;
				GCC_WARN_ABOUT_RETURN_TYPE = YES_ERROR;
				GCC_WARN_UNDECLARED_SELECTOR = YES;
				GCC_WARN_UNINITIALIZED_AUTOS = YES_AGGRESSIVE;
				GCC_WARN_UNUSED_FUNCTION = YES;
				GCC_WARN_UNUSED_VARIABLE = YES;
				IPHONEOS_DEPLOYMENT_TARGET = 13.4;
				MTL_ENABLE_DEBUG_INFO = NO;
				MTL_FAST_MATH = YES;
				SDKROOT = iphoneos;
				VALIDATE_PRODUCT = YES;
			};
			name = Release;
		};
		2615717624347C2800A1C6C6 /* Debug */ = {
			isa = XCBuildConfiguration;
			buildSettings = {
				ASSETCATALOG_COMPILER_APPICON_NAME = AppIcon;
				CODE_SIGN_STYLE = Automatic;
				DEVELOPMENT_TEAM = D878P8TW6L;
				INFOPLIST_FILE = oneOC/Info.plist;
				IPHONEOS_DEPLOYMENT_TARGET = 13.0;
				LD_RUNPATH_SEARCH_PATHS = (
					"$(inherited)",
					"@executable_path/Frameworks",
				);
				PRODUCT_BUNDLE_IDENTIFIER = com.photod.mnc.oneOC;
				PRODUCT_NAME = "$(TARGET_NAME)";
				TARGETED_DEVICE_FAMILY = "1,2";
			};
			name = Debug;
		};
		2615717724347C2800A1C6C6 /* Release */ = {
			isa = XCBuildConfiguration;
			buildSettings = {
				ASSETCATALOG_COMPILER_APPICON_NAME = AppIcon;
				CODE_SIGN_STYLE = Automatic;
				DEVELOPMENT_TEAM = D878P8TW6L;
				INFOPLIST_FILE = oneOC/Info.plist;
				IPHONEOS_DEPLOYMENT_TARGET = 13.0;
				LD_RUNPATH_SEARCH_PATHS = (
					"$(inherited)",
					"@executable_path/Frameworks",
				);
				PRODUCT_BUNDLE_IDENTIFIER = com.photod.mnc.oneOC;
				PRODUCT_NAME = "$(TARGET_NAME)";
				TARGETED_DEVICE_FAMILY = "1,2";
			};
			name = Release;
		};
		2615717924347C2800A1C6C6 /* Debug */ = {
			isa = XCBuildConfiguration;
			buildSettings = {
				BUNDLE_LOADER = "$(TEST_HOST)";
				CODE_SIGN_STYLE = Automatic;
				DEVELOPMENT_TEAM = D878P8TW6L;
				INFOPLIST_FILE = oneOCTests/Info.plist;
				IPHONEOS_DEPLOYMENT_TARGET = 13.4;
				LD_RUNPATH_SEARCH_PATHS = (
					"$(inherited)",
					"@executable_path/Frameworks",
					"@loader_path/Frameworks",
				);
				PRODUCT_BUNDLE_IDENTIFIER = com.photod.mnc.oneOCTests;
				PRODUCT_NAME = "$(TARGET_NAME)";
				TARGETED_DEVICE_FAMILY = "1,2";
				TEST_HOST = "$(BUILT_PRODUCTS_DIR)/oneOC.app/oneOC";
			};
			name = Debug;
		};
		2615717A24347C2800A1C6C6 /* Release */ = {
			isa = XCBuildConfiguration;
			buildSettings = {
				BUNDLE_LOADER = "$(TEST_HOST)";
				CODE_SIGN_STYLE = Automatic;
				DEVELOPMENT_TEAM = D878P8TW6L;
				INFOPLIST_FILE = oneOCTests/Info.plist;
				IPHONEOS_DEPLOYMENT_TARGET = 13.4;
				LD_RUNPATH_SEARCH_PATHS = (
					"$(inherited)",
					"@executable_path/Frameworks",
					"@loader_path/Frameworks",
				);
				PRODUCT_BUNDLE_IDENTIFIER = com.photod.mnc.oneOCTests;
				PRODUCT_NAME = "$(TARGET_NAME)";
				TARGETED_DEVICE_FAMILY = "1,2";
				TEST_HOST = "$(BUILT_PRODUCTS_DIR)/oneOC.app/oneOC";
			};
			name = Release;
		};
		2615717C24347C2800A1C6C6 /* Debug */ = {
			isa = XCBuildConfiguration;
			buildSettings = {
				CODE_SIGN_STYLE = Automatic;
				DEVELOPMENT_TEAM = D878P8TW6L;
				INFOPLIST_FILE = oneOCUITests/Info.plist;
				LD_RUNPATH_SEARCH_PATHS = (
					"$(inherited)",
					"@executable_path/Frameworks",
					"@loader_path/Frameworks",
				);
				PRODUCT_BUNDLE_IDENTIFIER = com.photod.mnc.oneOCUITests;
				PRODUCT_NAME = "$(TARGET_NAME)";
				TARGETED_DEVICE_FAMILY = "1,2";
				TEST_TARGET_NAME = oneOC;
			};
			name = Debug;
		};
		2615717D24347C2800A1C6C6 /* Release */ = {
			isa = XCBuildConfiguration;
			buildSettings = {
				CODE_SIGN_STYLE = Automatic;
				DEVELOPMENT_TEAM = D878P8TW6L;
				INFOPLIST_FILE = oneOCUITests/Info.plist;
				LD_RUNPATH_SEARCH_PATHS = (
					"$(inherited)",
					"@executable_path/Frameworks",
					"@loader_path/Frameworks",
				);
				PRODUCT_BUNDLE_IDENTIFIER = com.photod.mnc.oneOCUITests;
				PRODUCT_NAME = "$(TARGET_NAME)";
				TARGETED_DEVICE_FAMILY = "1,2";
				TEST_TARGET_NAME = oneOC;
			};
			name = Release;
		};
/* End XCBuildConfiguration section */

/* Begin XCConfigurationList section */
		2615714124347C2200A1C6C6 /* Build configuration list for PBXProject "oneOC" */ = {
			isa = XCConfigurationList;
			buildConfigurations = (
				2615717324347C2800A1C6C6 /* Debug */,
				2615717424347C2800A1C6C6 /* Release */,
			);
			defaultConfigurationIsVisible = 0;
			defaultConfigurationName = Release;
		};
		2615717524347C2800A1C6C6 /* Build configuration list for PBXNativeTarget "oneOC" */ = {
			isa = XCConfigurationList;
			buildConfigurations = (
				2615717624347C2800A1C6C6 /* Debug */,
				2615717724347C2800A1C6C6 /* Release */,
			);
			defaultConfigurationIsVisible = 0;
			defaultConfigurationName = Release;
		};
		2615717824347C2800A1C6C6 /* Build configuration list for PBXNativeTarget "oneOCTests" */ = {
			isa = XCConfigurationList;
			buildConfigurations = (
				2615717924347C2800A1C6C6 /* Debug */,
				2615717A24347C2800A1C6C6 /* Release */,
			);
			defaultConfigurationIsVisible = 0;
			defaultConfigurationName = Release;
		};
		2615717B24347C2800A1C6C6 /* Build configuration list for PBXNativeTarget "oneOCUITests" */ = {
			isa = XCConfigurationList;
			buildConfigurations = (
				2615717C24347C2800A1C6C6 /* Debug */,
				2615717D24347C2800A1C6C6 /* Release */,
			);
			defaultConfigurationIsVisible = 0;
			defaultConfigurationName = Release;
		};
/* End XCConfigurationList section */
	};
	rootObject = 2615713E24347C2200A1C6C6 /* Project object */;
}
